
Microsoft Visual Studio Solution File, Format Version 12.00
# Visual Studio Version 16
VisualStudioVersion = 16.0.28803.156
MinimumVisualStudioVersion = 10.0.40219.1
Project("{FAE04EC0-301F-11D3-BF4B-00C04F79EFBC}") = "Exercicio9", "Exercicio9\Exercicio9.csproj", "{832B7C2A-8E67-48C5-BC05-76716857079F}"
EndProject
Project("{FAE04EC0-301F-11D3-BF4B-00C04F79EFBC}") = "Exercicio9Tests1", "Exercicio9Tests1\Exercicio9Tests1.csproj", "{6C9CDF85-DF27-4A0F-8B3B-51C33F670115}"
EndProject
Global
	GlobalSection(SolutionConfigurationPlatforms) = preSolution
		Debug|Any CPU = Debug|Any CPU
		Release|Any CPU = Release|Any CPU
	EndGlobalSection
	GlobalSection(ProjectConfigurationPlatforms) = postSolution
		{832B7C2A-8E67-48C5-BC05-76716857079F}.Debug|Any CPU.ActiveCfg = Debug|Any CPU
		{832B7C2A-8E67-48C5-BC05-76716857079F}.Debug|Any CPU.Build.0 = Debug|Any CPU
		{832B7C2A-8E67-48C5-BC05-76716857079F}.Release|Any CPU.ActiveCfg = Release|Any CPU
		{832B7C2A-8E67-48C5-BC05-76716857079F}.Release|Any CPU.Build.0 = Release|Any CPU
		{6C9CDF85-DF27-4A0F-8B3B-51C33F670115}.Debug|Any CPU.ActiveCfg = Debug|Any CPU
		{6C9CDF85-DF27-4A0F-8B3B-51C33F670115}.Debug|Any CPU.Build.0 = Debug|Any CPU
		{6C9CDF85-DF27-4A0F-8B3B-51C33F670115}.Release|Any CPU.ActiveCfg = Release|Any CPU
		{6C9CDF85-DF27-4A0F-8B3B-51C33F670115}.Release|Any CPU.Build.0 = Release|Any CPU
	EndGlobalSection
	GlobalSection(SolutionProperties) = preSolution
		HideSolutionNode = FALSE
	EndGlobalSection
	GlobalSection(ExtensibilityGlobals) = postSolution
		SolutionGuid = {E7E61C65-0E74-4DBE-A650-955AED7CDFD8}
	EndGlobalSection
EndGlobal
